
Microsoft Visual Studio Solution File, Format Version 12.00
# Visual Studio 15
VisualStudioVersion = 15.0.28307.902
MinimumVisualStudioVersion = 10.0.40219.1
Project("{FAE04EC0-301F-11D3-BF4B-00C04F79EFBC}") = "LoginRegister", "LoginRegister\LoginRegister.csproj", "{792E0F04-3971-4C43-9256-F11BC7C062F6}"
EndProject
Global
	GlobalSection(SolutionConfigurationPlatforms) = preSolution
		Debug|Any CPU = Debug|Any CPU
		Release|Any CPU = Release|Any CPU
	EndGlobalSection
	GlobalSection(ProjectConfigurationPlatforms) = postSolution
		{792E0F04-3971-4C43-9256-F11BC7C062F6}.Debug|Any CPU.ActiveCfg = Debug|Any CPU
		{792E0F04-3971-4C43-9256-F11BC7C062F6}.Debug|Any CPU.Build.0 = Debug|Any CPU
		{792E0F04-3971-4C43-9256-F11BC7C062F6}.Release|Any CPU.ActiveCfg = Release|Any CPU
		{792E0F04-3971-4C43-9256-F11BC7C062F6}.Release|Any CPU.Build.0 = Release|Any CPU
	EndGlobalSection
	GlobalSection(SolutionProperties) = preSolution
		HideSolutionNode = FALSE
	EndGlobalSection
	GlobalSection(ExtensibilityGlobals) = postSolution
		SolutionGuid = {4164D91F-0787-4665-9804-1F477F11CFC1}
	EndGlobalSection
EndGlobal
